
Microsoft Visual Studio Solution File, Format Version 12.00
# Visual Studio 15
VisualStudioVersion = 15.0.28307.106
MinimumVisualStudioVersion = 10.0.40219.1
Project("{FAE04EC0-301F-11D3-BF4B-00C04F79EFBC}") = "Back-API", "Back-API\Back-API.csproj", "{8271A6AA-85CA-4265-A6CF-7720330A5399}"
EndProject
Project("{9A19103F-16F7-4668-BE54-9A1E7A4F7556}") = "ABCiencias", "ABCiencias\ABCiencias.csproj", "{C73CA458-0D00-4FB0-8B13-950D73FC93E8}"
EndProject
Project("{FAE04EC0-301F-11D3-BF4B-00C04F79EFBC}") = "Front-Web", "Front-Web\Front-Web.csproj", "{8786978D-1F59-4FEE-B3C7-80A0293A90B9}"
EndProject
Project("{FAE04EC0-301F-11D3-BF4B-00C04F79EFBC}") = "Back-UrlShortener", "Back-UrlShortener\Back-UrlShortener.csproj", "{051852E1-5264-4ACD-BAC1-FE417CCAD33C}"
EndProject
Global
	GlobalSection(SolutionConfigurationPlatforms) = preSolution
		Debug|Any CPU = Debug|Any CPU
		Release|Any CPU = Release|Any CPU
	EndGlobalSection
	GlobalSection(ProjectConfigurationPlatforms) = postSolution
		{8271A6AA-85CA-4265-A6CF-7720330A5399}.Debug|Any CPU.ActiveCfg = Debug|Any CPU
		{8271A6AA-85CA-4265-A6CF-7720330A5399}.Debug|Any CPU.Build.0 = Debug|Any CPU
		{8271A6AA-85CA-4265-A6CF-7720330A5399}.Release|Any CPU.ActiveCfg = Release|Any CPU
		{8271A6AA-85CA-4265-A6CF-7720330A5399}.Release|Any CPU.Build.0 = Release|Any CPU
		{C73CA458-0D00-4FB0-8B13-950D73FC93E8}.Debug|Any CPU.ActiveCfg = Debug|Any CPU
		{C73CA458-0D00-4FB0-8B13-950D73FC93E8}.Debug|Any CPU.Build.0 = Debug|Any CPU
		{C73CA458-0D00-4FB0-8B13-950D73FC93E8}.Release|Any CPU.ActiveCfg = Release|Any CPU
		{C73CA458-0D00-4FB0-8B13-950D73FC93E8}.Release|Any CPU.Build.0 = Release|Any CPU
		{8786978D-1F59-4FEE-B3C7-80A0293A90B9}.Debug|Any CPU.ActiveCfg = Debug|Any CPU
		{8786978D-1F59-4FEE-B3C7-80A0293A90B9}.Debug|Any CPU.Build.0 = Debug|Any CPU
		{8786978D-1F59-4FEE-B3C7-80A0293A90B9}.Release|Any CPU.ActiveCfg = Release|Any CPU
		{8786978D-1F59-4FEE-B3C7-80A0293A90B9}.Release|Any CPU.Build.0 = Release|Any CPU
		{051852E1-5264-4ACD-BAC1-FE417CCAD33C}.Debug|Any CPU.ActiveCfg = Debug|Any CPU
		{051852E1-5264-4ACD-BAC1-FE417CCAD33C}.Debug|Any CPU.Build.0 = Debug|Any CPU
		{051852E1-5264-4ACD-BAC1-FE417CCAD33C}.Release|Any CPU.ActiveCfg = Release|Any CPU
		{051852E1-5264-4ACD-BAC1-FE417CCAD33C}.Release|Any CPU.Build.0 = Release|Any CPU
	EndGlobalSection
	GlobalSection(SolutionProperties) = preSolution
		HideSolutionNode = FALSE
	EndGlobalSection
	GlobalSection(ExtensibilityGlobals) = postSolution
		SolutionGuid = {C27367CF-7A8B-449C-91E4-CCD194B155B8}
	EndGlobalSection
EndGlobal
